
Microsoft Visual Studio Solution File, Format Version 12.00
# Visual Studio Version 17
VisualStudioVersion = 17.6.33712.159
MinimumVisualStudioVersion = 10.0.40219.1
Project("{FAE04EC0-301F-11D3-BF4B-00C04F79EFBC}") = "Pharmacy.WebAPI", "Pharmacy.WebAPI\Pharmacy.WebAPI.csproj", "{0DBD9E78-F278-4E4F-8A1B-C2B1AFB32E78}"
EndProject
Project("{FAE04EC0-301F-11D3-BF4B-00C04F79EFBC}") = "Pharmacy.Core", "Pharmacy.Core\Pharmacy.Core.csproj", "{D5724C9C-17B3-4621-A423-1CF9E37800F4}"
EndProject
Project("{FAE04EC0-301F-11D3-BF4B-00C04F79EFBC}") = "Pharmacy.Business", "Pharmacy.Business\Pharmacy.Business.csproj", "{3A0ACFB0-D892-45EB-B395-A6A098DA6FE3}"
EndProject
Project("{FAE04EC0-301F-11D3-BF4B-00C04F79EFBC}") = "Pharmacy.DataAccess", "Pharmacy.DataAccess\Pharmacy.DataAccess.csproj", "{88D2053B-AABA-4B60-98E3-E5786C8E7930}"
EndProject
Project("{FAE04EC0-301F-11D3-BF4B-00C04F79EFBC}") = "Pharmacy.Test", "Pharmacy.Test\Pharmacy.Test.csproj", "{29022E2C-B475-4285-A99A-D9595DC30BD1}"
EndProject
Global
	GlobalSection(SolutionConfigurationPlatforms) = preSolution
		Debug|Any CPU = Debug|Any CPU
		Release|Any CPU = Release|Any CPU
	EndGlobalSection
	GlobalSection(ProjectConfigurationPlatforms) = postSolution
		{0DBD9E78-F278-4E4F-8A1B-C2B1AFB32E78}.Debug|Any CPU.ActiveCfg = Debug|Any CPU
		{0DBD9E78-F278-4E4F-8A1B-C2B1AFB32E78}.Debug|Any CPU.Build.0 = Debug|Any CPU
		{0DBD9E78-F278-4E4F-8A1B-C2B1AFB32E78}.Release|Any CPU.ActiveCfg = Release|Any CPU
		{0DBD9E78-F278-4E4F-8A1B-C2B1AFB32E78}.Release|Any CPU.Build.0 = Release|Any CPU
		{D5724C9C-17B3-4621-A423-1CF9E37800F4}.Debug|Any CPU.ActiveCfg = Debug|Any CPU
		{D5724C9C-17B3-4621-A423-1CF9E37800F4}.Debug|Any CPU.Build.0 = Debug|Any CPU
		{D5724C9C-17B3-4621-A423-1CF9E37800F4}.Release|Any CPU.ActiveCfg = Release|Any CPU
		{D5724C9C-17B3-4621-A423-1CF9E37800F4}.Release|Any CPU.Build.0 = Release|Any CPU
		{3A0ACFB0-D892-45EB-B395-A6A098DA6FE3}.Debug|Any CPU.ActiveCfg = Debug|Any CPU
		{3A0ACFB0-D892-45EB-B395-A6A098DA6FE3}.Debug|Any CPU.Build.0 = Debug|Any CPU
		{3A0ACFB0-D892-45EB-B395-A6A098DA6FE3}.Release|Any CPU.ActiveCfg = Release|Any CPU
		{3A0ACFB0-D892-45EB-B395-A6A098DA6FE3}.Release|Any CPU.Build.0 = Release|Any CPU
		{88D2053B-AABA-4B60-98E3-E5786C8E7930}.Debug|Any CPU.ActiveCfg = Debug|Any CPU
		{88D2053B-AABA-4B60-98E3-E5786C8E7930}.Debug|Any CPU.Build.0 = Debug|Any CPU
		{88D2053B-AABA-4B60-98E3-E5786C8E7930}.Release|Any CPU.ActiveCfg = Release|Any CPU
		{88D2053B-AABA-4B60-98E3-E5786C8E7930}.Release|Any CPU.Build.0 = Release|Any CPU
		{29022E2C-B475-4285-A99A-D9595DC30BD1}.Debug|Any CPU.ActiveCfg = Debug|Any CPU
		{29022E2C-B475-4285-A99A-D9595DC30BD1}.Debug|Any CPU.Build.0 = Debug|Any CPU
		{29022E2C-B475-4285-A99A-D9595DC30BD1}.Release|Any CPU.ActiveCfg = Release|Any CPU
		{29022E2C-B475-4285-A99A-D9595DC30BD1}.Release|Any CPU.Build.0 = Release|Any CPU
	EndGlobalSection
	GlobalSection(SolutionProperties) = preSolution
		HideSolutionNode = FALSE
	EndGlobalSection
	GlobalSection(ExtensibilityGlobals) = postSolution
		SolutionGuid = {8AD3AD1A-C879-4A9A-9023-EA64B846817C}
	EndGlobalSection
EndGlobal
